// !$*UTF8*$!
{
	archiveVersion = 1;
	classes = {
	};
	objectVersion = 50;
	objects = {

/* Begin PBXBuildFile section */
		1C113FBC5C7C44B2952A902B /* libPods-xhFrames.a in Frameworks */ = {isa = PBXBuildFile; fileRef = 28E3564DBDD45765A4906D40 /* libPods-xhFrames.a */; };
		BBE2DAD521990EB80076C54B /* AppDelegate.m in Sources */ = {isa = PBXBuildFile; fileRef = BBE2DAD421990EB80076C54B /* AppDelegate.m */; };
		BBE2DAD821990EB80076C54B /* ViewController.m in Sources */ = {isa = PBXBuildFile; fileRef = BBE2DAD721990EB80076C54B /* ViewController.m */; };
		BBE2DADB21990EB80076C54B /* Main.storyboard in Resources */ = {isa = PBXBuildFile; fileRef = BBE2DAD921990EB80076C54B /* Main.storyboard */; };
		BBE2DADD21990EB90076C54B /* Assets.xcassets in Resources */ = {isa = PBXBuildFile; fileRef = BBE2DADC21990EB90076C54B /* Assets.xcassets */; };
		BBE2DAE021990EB90076C54B /* LaunchScreen.storyboard in Resources */ = {isa = PBXBuildFile; fileRef = BBE2DADE21990EB90076C54B /* LaunchScreen.storyboard */; };
		BBE2DAE321990EB90076C54B /* main.m in Sources */ = {isa = PBXBuildFile; fileRef = BBE2DAE221990EB90076C54B /* main.m */; };
		BBE2DAED21990EB90076C54B /* xhFramesTests.m in Sources */ = {isa = PBXBuildFile; fileRef = BBE2DAEC21990EB90076C54B /* xhFramesTests.m */; };
		BBE2DAF821990EB90076C54B /* xhFramesUITests.m in Sources */ = {isa = PBXBuildFile; fileRef = BBE2DAF721990EB90076C54B /* xhFramesUITests.m */; };
		DD24AA4D2248B16000BAC90A /* GestureScrollView.m in Sources */ = {isa = PBXBuildFile; fileRef = DD24AA4C2248B16000BAC90A /* GestureScrollView.m */; };
		DD268638219A6FE600F1B653 /* BaseViewController.m in Sources */ = {isa = PBXBuildFile; fileRef = DD2685A0219A6FE500F1B653 /* BaseViewController.m */; };
		DD268639219A6FE600F1B653 /* BaseListViewController.m in Sources */ = {isa = PBXBuildFile; fileRef = DD2685A1219A6FE500F1B653 /* BaseListViewController.m */; };
		DD26863A219A6FE600F1B653 /* BaseNavigationController.m in Sources */ = {isa = PBXBuildFile; fileRef = DD2685A3219A6FE500F1B653 /* BaseNavigationController.m */; };
		DD26863B219A6FE600F1B653 /* BaseTabBarController.m in Sources */ = {isa = PBXBuildFile; fileRef = DD2685A6219A6FE500F1B653 /* BaseTabBarController.m */; };
		DD26863C219A6FE600F1B653 /* ImageTextButton.m in Sources */ = {isa = PBXBuildFile; fileRef = DD2685A8219A6FE500F1B653 /* ImageTextButton.m */; };
		DD26863D219A6FE600F1B653 /* IntrinsicView.m in Sources */ = {isa = PBXBuildFile; fileRef = DD2685A9219A6FE500F1B653 /* IntrinsicView.m */; };
		DD26863E219A6FE600F1B653 /* BaseTableViewCell.m in Sources */ = {isa = PBXBuildFile; fileRef = DD2685AA219A6FE500F1B653 /* BaseTableViewCell.m */; };
		DD26863F219A6FE600F1B653 /* BaseTabBar.m in Sources */ = {isa = PBXBuildFile; fileRef = DD2685AC219A6FE500F1B653 /* BaseTabBar.m */; };
		DD268640219A6FE600F1B653 /* BaseTabBtn.m in Sources */ = {isa = PBXBuildFile; fileRef = DD2685AE219A6FE500F1B653 /* BaseTabBtn.m */; };
		DD268641219A6FE600F1B653 /* BaseCollectionViewCell.m in Sources */ = {isa = PBXBuildFile; fileRef = DD2685B4219A6FE500F1B653 /* BaseCollectionViewCell.m */; };
		DD268642219A6FE600F1B653 /* MineViewController.m in Sources */ = {isa = PBXBuildFile; fileRef = DD2685B7219A6FE500F1B653 /* MineViewController.m */; };
		DD268643219A6FE600F1B653 /* SettingTableViewCell.m in Sources */ = {isa = PBXBuildFile; fileRef = DD2685BA219A6FE500F1B653 /* SettingTableViewCell.m */; };
		DD268644219A6FE600F1B653 /* LoginViewController.m in Sources */ = {isa = PBXBuildFile; fileRef = DD2685BC219A6FE500F1B653 /* LoginViewController.m */; };
		DD26864B219A6FE600F1B653 /* MainTabBarController.m in Sources */ = {isa = PBXBuildFile; fileRef = DD2685D0219A6FE600F1B653 /* MainTabBarController.m */; };
		DD26864C219A6FE600F1B653 /* WebViewController.m in Sources */ = {isa = PBXBuildFile; fileRef = DD2685D1219A6FE600F1B653 /* WebViewController.m */; };
		DD26864D219A6FE600F1B653 /* XHRefreshHeader.m in Sources */ = {isa = PBXBuildFile; fileRef = DD2685D3219A6FE600F1B653 /* XHRefreshHeader.m */; };
		DD268653219A6FE600F1B653 /* AppTrackHelper.m in Sources */ = {isa = PBXBuildFile; fileRef = DD2685E4219A6FE600F1B653 /* AppTrackHelper.m */; };
		DD268654219A6FE600F1B653 /* CommonHelper.m in Sources */ = {isa = PBXBuildFile; fileRef = DD2685E7219A6FE600F1B653 /* CommonHelper.m */; };
		DD268655219A6FE600F1B653 /* NSDate+helper.m in Sources */ = {isa = PBXBuildFile; fileRef = DD2685E9219A6FE600F1B653 /* NSDate+helper.m */; };
		DD268656219A6FE600F1B653 /* NSString+helper.m in Sources */ = {isa = PBXBuildFile; fileRef = DD2685EA219A6FE600F1B653 /* NSString+helper.m */; };
		DD268657219A6FE600F1B653 /* NSDictionary+log.m in Sources */ = {isa = PBXBuildFile; fileRef = DD2685EB219A6FE600F1B653 /* NSDictionary+log.m */; };
		DD268658219A6FE600F1B653 /* UITextView+Placeholder.m in Sources */ = {isa = PBXBuildFile; fileRef = DD2685EC219A6FE600F1B653 /* UITextView+Placeholder.m */; };
		DD268659219A6FE600F1B653 /* NSURL+helper.m in Sources */ = {isa = PBXBuildFile; fileRef = DD2685ED219A6FE600F1B653 /* NSURL+helper.m */; };
		DD26865A219A6FE600F1B653 /* UIView+helper.m in Sources */ = {isa = PBXBuildFile; fileRef = DD2685F4219A6FE600F1B653 /* UIView+helper.m */; };
		DD26865B219A6FE600F1B653 /* UIButton+helper.m in Sources */ = {isa = PBXBuildFile; fileRef = DD2685F5219A6FE600F1B653 /* UIButton+helper.m */; };
		DD26865C219A6FE600F1B653 /* DataHelper.m in Sources */ = {isa = PBXBuildFile; fileRef = DD2685F7219A6FE600F1B653 /* DataHelper.m */; };
		DD26865D219A6FE600F1B653 /* NSURL+QueryDictionary.m in Sources */ = {isa = PBXBuildFile; fileRef = DD2685FC219A6FE600F1B653 /* NSURL+QueryDictionary.m */; };
		DD26865E219A6FE600F1B653 /* URLRouter.m in Sources */ = {isa = PBXBuildFile; fileRef = DD2685FD219A6FE600F1B653 /* URLRouter.m */; };
		DD26865F219A6FE600F1B653 /* CNPPopupController.m in Sources */ = {isa = PBXBuildFile; fileRef = DD268601219A6FE600F1B653 /* CNPPopupController.m */; };
		DD268660219A6FE600F1B653 /* TYPageControl.m in Sources */ = {isa = PBXBuildFile; fileRef = DD268605219A6FE600F1B653 /* TYPageControl.m */; };
		DD268661219A6FE600F1B653 /* TYCyclePagerView.m in Sources */ = {isa = PBXBuildFile; fileRef = DD268606219A6FE600F1B653 /* TYCyclePagerView.m */; };
		DD268662219A6FE600F1B653 /* TYCyclePagerTransformLayout.m in Sources */ = {isa = PBXBuildFile; fileRef = DD268607219A6FE600F1B653 /* TYCyclePagerTransformLayout.m */; };
		DD268663219A6FE600F1B653 /* AccountManager.m in Sources */ = {isa = PBXBuildFile; fileRef = DD26860E219A6FE600F1B653 /* AccountManager.m */; };
		DD268664219A6FE600F1B653 /* ThemeConfig.json in Resources */ = {isa = PBXBuildFile; fileRef = DD268610219A6FE600F1B653 /* ThemeConfig.json */; };
		DD268665219A6FE600F1B653 /* ThemeManager.m in Sources */ = {isa = PBXBuildFile; fileRef = DD268613219A6FE600F1B653 /* ThemeManager.m */; };
		DD268666219A6FE600F1B653 /* BaseHttpRequest.m in Sources */ = {isa = PBXBuildFile; fileRef = DD26861B219A6FE600F1B653 /* BaseHttpRequest.m */; };
		DD268667219A6FE600F1B653 /* BaseHttpService.m in Sources */ = {isa = PBXBuildFile; fileRef = DD26861C219A6FE600F1B653 /* BaseHttpService.m */; };
		DD268668219A6FE600F1B653 /* UserService.m in Sources */ = {isa = PBXBuildFile; fileRef = DD26861E219A6FE600F1B653 /* UserService.m */; };
		DD26866A219A6FE600F1B653 /* refresh_white.json in Resources */ = {isa = PBXBuildFile; fileRef = DD268622219A6FE600F1B653 /* refresh_white.json */; };
		DD26866B219A6FE600F1B653 /* refresh.json in Resources */ = {isa = PBXBuildFile; fileRef = DD268623219A6FE600F1B653 /* refresh.json */; };
		DD26866C219A6FE600F1B653 /* refresh_pull.json in Resources */ = {isa = PBXBuildFile; fileRef = DD268624219A6FE600F1B653 /* refresh_pull.json */; };
		DD26866D219A6FE600F1B653 /* Times New Roman.ttf in Resources */ = {isa = PBXBuildFile; fileRef = DD268626219A6FE600F1B653 /* Times New Roman.ttf */; };
		DD26866E219A6FE600F1B653 /* ExtendButton.m in Sources */ = {isa = PBXBuildFile; fileRef = DD268629219A6FE600F1B653 /* ExtendButton.m */; };
		DD26866F219A6FE600F1B653 /* PopupView.m in Sources */ = {isa = PBXBuildFile; fileRef = DD26862A219A6FE600F1B653 /* PopupView.m */; };
		DD268670219A6FE600F1B653 /* UserModel.m in Sources */ = {isa = PBXBuildFile; fileRef = DD268630219A6FE600F1B653 /* UserModel.m */; };
		DDA921F4219AA6F000D44A9F /* LanguagesManager.m in Sources */ = {isa = PBXBuildFile; fileRef = DDA921F3219AA6F000D44A9F /* LanguagesManager.m */; };
		DDA921F7219AACB400D44A9F /* NSBundle+Languages.m in Sources */ = {isa = PBXBuildFile; fileRef = DDA921F6219AACB400D44A9F /* NSBundle+Languages.m */; };
		DDA921FA219AB2A500D44A9F /* Localizable.strings in Resources */ = {isa = PBXBuildFile; fileRef = DDA921FC219AB2A500D44A9F /* Localizable.strings */; };
		DDA92200219AB4D700D44A9F /* LanguageSettingsViewController.m in Sources */ = {isa = PBXBuildFile; fileRef = DDA921FF219AB4D700D44A9F /* LanguageSettingsViewController.m */; };
		DDA92203219ADEF900D44A9F /* Test1ViewController.m in Sources */ = {isa = PBXBuildFile; fileRef = DDA92202219ADEF900D44A9F /* Test1ViewController.m */; };
		DDA92206219ADF0B00D44A9F /* Test2ViewController.m in Sources */ = {isa = PBXBuildFile; fileRef = DDA92205219ADF0B00D44A9F /* Test2ViewController.m */; };
/* End PBXBuildFile section */

/* Begin PBXContainerItemProxy section */
		BBE2DAE921990EB90076C54B /* PBXContainerItemProxy */ = {
			isa = PBXContainerItemProxy;
			containerPortal = BBE2DAC821990EB80076C54B /* Project object */;
			proxyType = 1;
			remoteGlobalIDString = BBE2DACF21990EB80076C54B;
			remoteInfo = xhFrames;
		};
		BBE2DAF421990EB90076C54B /* PBXContainerItemProxy */ = {
			isa = PBXContainerItemProxy;
			containerPortal = BBE2DAC821990EB80076C54B /* Project object */;
			proxyType = 1;
			remoteGlobalIDString = BBE2DACF21990EB80076C54B;
			remoteInfo = xhFrames;
		};
/* End PBXContainerItemProxy section */

/* Begin PBXFileReference section */
		28E3564DBDD45765A4906D40 /* libPods-xhFrames.a */ = {isa = PBXFileReference; explicitFileType = archive.ar; includeInIndex = 0; path = "libPods-xhFrames.a"; sourceTree = BUILT_PRODUCTS_DIR; };
		5576AE23BAB1C9744134ED25 /* Pods-xhFrames.debug.xcconfig */ = {isa = PBXFileReference; includeInIndex = 1; lastKnownFileType = text.xcconfig; name = "Pods-xhFrames.debug.xcconfig"; path = "Pods/Target Support Files/Pods-xhFrames/Pods-xhFrames.debug.xcconfig"; sourceTree = "<group>"; };
		B6F998C33226EEEE3002E8D2 /* Pods-xhFrames.release.xcconfig */ = {isa = PBXFileReference; includeInIndex = 1; lastKnownFileType = text.xcconfig; name = "Pods-xhFrames.release.xcconfig"; path = "Pods/Target Support Files/Pods-xhFrames/Pods-xhFrames.release.xcconfig"; sourceTree = "<group>"; };
		BBE2DAD021990EB80076C54B /* xhFrames.app */ = {isa = PBXFileReference; explicitFileType = wrapper.application; includeInIndex = 0; path = xhFrames.app; sourceTree = BUILT_PRODUCTS_DIR; };
		BBE2DAD321990EB80076C54B /* AppDelegate.h */ = {isa = PBXFileReference; lastKnownFileType = sourcecode.c.h; path = AppDelegate.h; sourceTree = "<group>"; };
		BBE2DAD421990EB80076C54B /* AppDelegate.m */ = {isa = PBXFileReference; lastKnownFileType = sourcecode.c.objc; path = AppDelegate.m; sourceTree = "<group>"; };
		BBE2DAD621990EB80076C54B /* ViewController.h */ = {isa = PBXFileReference; lastKnownFileType = sourcecode.c.h; path = ViewController.h; sourceTree = "<group>"; };
		BBE2DAD721990EB80076C54B /* ViewController.m */ = {isa = PBXFileReference; lastKnownFileType = sourcecode.c.objc; path = ViewController.m; sourceTree = "<group>"; };
		BBE2DADA21990EB80076C54B /* Base */ = {isa = PBXFileReference; lastKnownFileType = file.storyboard; name = Base; path = Base.lproj/Main.storyboard; sourceTree = "<group>"; };
		BBE2DADC21990EB90076C54B /* Assets.xcassets */ = {isa = PBXFileReference; lastKnownFileType = folder.assetcatalog; path = Assets.xcassets; sourceTree = "<group>"; };
		BBE2DADF21990EB90076C54B /* Base */ = {isa = PBXFileReference; lastKnownFileType = file.storyboard; name = Base; path = Base.lproj/LaunchScreen.storyboard; sourceTree = "<group>"; };
		BBE2DAE121990EB90076C54B /* Info.plist */ = {isa = PBXFileReference; lastKnownFileType = text.plist.xml; path = Info.plist; sourceTree = "<group>"; };
		BBE2DAE221990EB90076C54B /* main.m */ = {isa = PBXFileReference; lastKnownFileType = sourcecode.c.objc; path = main.m; sourceTree = "<group>"; };
		BBE2DAE821990EB90076C54B /* xhFramesTests.xctest */ = {isa = PBXFileReference; explicitFileType = wrapper.cfbundle; includeInIndex = 0; path = xhFramesTests.xctest; sourceTree = BUILT_PRODUCTS_DIR; };
		BBE2DAEC21990EB90076C54B /* xhFramesTests.m */ = {isa = PBXFileReference; lastKnownFileType = sourcecode.c.objc; path = xhFramesTests.m; sourceTree = "<group>"; };
		BBE2DAEE21990EB90076C54B /* Info.plist */ = {isa = PBXFileReference; lastKnownFileType = text.plist.xml; path = Info.plist; sourceTree = "<group>"; };
		BBE2DAF321990EB90076C54B /* xhFramesUITests.xctest */ = {isa = PBXFileReference; explicitFileType = wrapper.cfbundle; includeInIndex = 0; path = xhFramesUITests.xctest; sourceTree = BUILT_PRODUCTS_DIR; };
		BBE2DAF721990EB90076C54B /* xhFramesUITests.m */ = {isa = PBXFileReference; lastKnownFileType = sourcecode.c.objc; path = xhFramesUITests.m; sourceTree = "<group>"; };
		BBE2DAF921990EB90076C54B /* Info.plist */ = {isa = PBXFileReference; lastKnownFileType = text.plist.xml; path = Info.plist; sourceTree = "<group>"; };
		DD24AA4B2248B16000BAC90A /* GestureScrollView.h */ = {isa = PBXFileReference; fileEncoding = 4; lastKnownFileType = sourcecode.c.h; path = GestureScrollView.h; sourceTree = "<group>"; };
		DD24AA4C2248B16000BAC90A /* GestureScrollView.m */ = {isa = PBXFileReference; fileEncoding = 4; lastKnownFileType = sourcecode.c.objc; path = GestureScrollView.m; sourceTree = "<group>"; };
		DD26859E219A6FE500F1B653 /* BaseRefreshProtocol.h */ = {isa = PBXFileReference; fileEncoding = 4; lastKnownFileType = sourcecode.c.h; path = BaseRefreshProtocol.h; sourceTree = "<group>"; };
		DD26859F219A6FE500F1B653 /* BaseTabBarController.h */ = {isa = PBXFileReference; fileEncoding = 4; lastKnownFileType = sourcecode.c.h; path = BaseTabBarController.h; sourceTree = "<group>"; };
		DD2685A0219A6FE500F1B653 /* BaseViewController.m */ = {isa = PBXFileReference; fileEncoding = 4; lastKnownFileType = sourcecode.c.objc; path = BaseViewController.m; sourceTree = "<group>"; };
		DD2685A1219A6FE500F1B653 /* BaseListViewController.m */ = {isa = PBXFileReference; fileEncoding = 4; lastKnownFileType = sourcecode.c.objc; path = BaseListViewController.m; sourceTree = "<group>"; };
		DD2685A2219A6FE500F1B653 /* BaseNavigationController.h */ = {isa = PBXFileReference; fileEncoding = 4; lastKnownFileType = sourcecode.c.h; path = BaseNavigationController.h; sourceTree = "<group>"; };
		DD2685A3219A6FE500F1B653 /* BaseNavigationController.m */ = {isa = PBXFileReference; fileEncoding = 4; lastKnownFileType = sourcecode.c.objc; path = BaseNavigationController.m; sourceTree = "<group>"; };
		DD2685A4219A6FE500F1B653 /* BaseListViewController.h */ = {isa = PBXFileReference; fileEncoding = 4; lastKnownFileType = sourcecode.c.h; path = BaseListViewController.h; sourceTree = "<group>"; };
		DD2685A5219A6FE500F1B653 /* BaseViewController.h */ = {isa = PBXFileReference; fileEncoding = 4; lastKnownFileType = sourcecode.c.h; path = BaseViewController.h; sourceTree = "<group>"; };
		DD2685A6219A6FE500F1B653 /* BaseTabBarController.m */ = {isa = PBXFileReference; fileEncoding = 4; lastKnownFileType = sourcecode.c.objc; path = BaseTabBarController.m; sourceTree = "<group>"; };
		DD2685A8219A6FE500F1B653 /* ImageTextButton.m */ = {isa = PBXFileReference; fileEncoding = 4; lastKnownFileType = sourcecode.c.objc; path = ImageTextButton.m; sourceTree = "<group>"; };
		DD2685A9219A6FE500F1B653 /* IntrinsicView.m */ = {isa = PBXFileReference; fileEncoding = 4; lastKnownFileType = sourcecode.c.objc; path = IntrinsicView.m; sourceTree = "<group>"; };
		DD2685AA219A6FE500F1B653 /* BaseTableViewCell.m */ = {isa = PBXFileReference; fileEncoding = 4; lastKnownFileType = sourcecode.c.objc; path = BaseTableViewCell.m; sourceTree = "<group>"; };
		DD2685AC219A6FE500F1B653 /* BaseTabBar.m */ = {isa = PBXFileReference; fileEncoding = 4; lastKnownFileType = sourcecode.c.objc; path = BaseTabBar.m; sourceTree = "<group>"; };
		DD2685AD219A6FE500F1B653 /* BaseTabBtn.h */ = {isa = PBXFileReference; fileEncoding = 4; lastKnownFileType = sourcecode.c.h; path = BaseTabBtn.h; sourceTree = "<group>"; };
		DD2685AE219A6FE500F1B653 /* BaseTabBtn.m */ = {isa = PBXFileReference; fileEncoding = 4; lastKnownFileType = sourcecode.c.objc; path = BaseTabBtn.m; sourceTree = "<group>"; };
		DD2685AF219A6FE500F1B653 /* BaseTabBar.h */ = {isa = PBXFileReference; fileEncoding = 4; lastKnownFileType = sourcecode.c.h; path = BaseTabBar.h; sourceTree = "<group>"; };
		DD2685B0219A6FE500F1B653 /* BaseCollectionViewCell.h */ = {isa = PBXFileReference; fileEncoding = 4; lastKnownFileType = sourcecode.c.h; path = BaseCollectionViewCell.h; sourceTree = "<group>"; };
		DD2685B1219A6FE500F1B653 /* ImageTextButton.h */ = {isa = PBXFileReference; fileEncoding = 4; lastKnownFileType = sourcecode.c.h; path = ImageTextButton.h; sourceTree = "<group>"; };
		DD2685B2219A6FE500F1B653 /* BaseCellProtocol.h */ = {isa = PBXFileReference; fileEncoding = 4; lastKnownFileType = sourcecode.c.h; path = BaseCellProtocol.h; sourceTree = "<group>"; };
		DD2685B3219A6FE500F1B653 /* IntrinsicView.h */ = {isa = PBXFileReference; fileEncoding = 4; lastKnownFileType = sourcecode.c.h; path = IntrinsicView.h; sourceTree = "<group>"; };
		DD2685B4219A6FE500F1B653 /* BaseCollectionViewCell.m */ = {isa = PBXFileReference; fileEncoding = 4; lastKnownFileType = sourcecode.c.objc; path = BaseCollectionViewCell.m; sourceTree = "<group>"; };
		DD2685B5219A6FE500F1B653 /* BaseTableViewCell.h */ = {isa = PBXFileReference; fileEncoding = 4; lastKnownFileType = sourcecode.c.h; path = BaseTableViewCell.h; sourceTree = "<group>"; };
		DD2685B7219A6FE500F1B653 /* MineViewController.m */ = {isa = PBXFileReference; fileEncoding = 4; lastKnownFileType = sourcecode.c.objc; path = MineViewController.m; sourceTree = "<group>"; };
		DD2685B9219A6FE500F1B653 /* SettingTableViewCell.h */ = {isa = PBXFileReference; fileEncoding = 4; lastKnownFileType = sourcecode.c.h; path = SettingTableViewCell.h; sourceTree = "<group>"; };
		DD2685BA219A6FE500F1B653 /* SettingTableViewCell.m */ = {isa = PBXFileReference; fileEncoding = 4; lastKnownFileType = sourcecode.c.objc; path = SettingTableViewCell.m; sourceTree = "<group>"; };
		DD2685BC219A6FE500F1B653 /* LoginViewController.m */ = {isa = PBXFileReference; fileEncoding = 4; lastKnownFileType = sourcecode.c.objc; path = LoginViewController.m; sourceTree = "<group>"; };
		DD2685BD219A6FE500F1B653 /* LoginViewController.h */ = {isa = PBXFileReference; fileEncoding = 4; lastKnownFileType = sourcecode.c.h; path = LoginViewController.h; sourceTree = "<group>"; };
		DD2685BE219A6FE500F1B653 /* MineViewController.h */ = {isa = PBXFileReference; fileEncoding = 4; lastKnownFileType = sourcecode.c.h; path = MineViewController.h; sourceTree = "<group>"; };
		DD2685CF219A6FE600F1B653 /* WebViewController.h */ = {isa = PBXFileReference; fileEncoding = 4; lastKnownFileType = sourcecode.c.h; path = WebViewController.h; sourceTree = "<group>"; };
		DD2685D0219A6FE600F1B653 /* MainTabBarController.m */ = {isa = PBXFileReference; fileEncoding = 4; lastKnownFileType = sourcecode.c.objc; path = MainTabBarController.m; sourceTree = "<group>"; };
		DD2685D1219A6FE600F1B653 /* WebViewController.m */ = {isa = PBXFileReference; fileEncoding = 4; lastKnownFileType = sourcecode.c.objc; path = WebViewController.m; sourceTree = "<group>"; };
		DD2685D3219A6FE600F1B653 /* XHRefreshHeader.m */ = {isa = PBXFileReference; fileEncoding = 4; lastKnownFileType = sourcecode.c.objc; path = XHRefreshHeader.m; sourceTree = "<group>"; };
		DD2685D4219A6FE600F1B653 /* XHRefreshHeader.h */ = {isa = PBXFileReference; fileEncoding = 4; lastKnownFileType = sourcecode.c.h; path = XHRefreshHeader.h; sourceTree = "<group>"; };
		DD2685D5219A6FE600F1B653 /* MainTabBarController.h */ = {isa = PBXFileReference; fileEncoding = 4; lastKnownFileType = sourcecode.c.h; path = MainTabBarController.h; sourceTree = "<group>"; };
		DD2685E3219A6FE600F1B653 /* CommonHelper.h */ = {isa = PBXFileReference; fileEncoding = 4; lastKnownFileType = sourcecode.c.h; path = CommonHelper.h; sourceTree = "<group>"; };
		DD2685E4219A6FE600F1B653 /* AppTrackHelper.m */ = {isa = PBXFileReference; fileEncoding = 4; lastKnownFileType = sourcecode.c.objc; path = AppTrackHelper.m; sourceTree = "<group>"; };
		DD2685E5219A6FE600F1B653 /* DataHelper.h */ = {isa = PBXFileReference; fileEncoding = 4; lastKnownFileType = sourcecode.c.h; path = DataHelper.h; sourceTree = "<group>"; };
		DD2685E6219A6FE600F1B653 /* AppTrackHelper.h */ = {isa = PBXFileReference; fileEncoding = 4; lastKnownFileType = sourcecode.c.h; path = AppTrackHelper.h; sourceTree = "<group>"; };
		DD2685E7219A6FE600F1B653 /* CommonHelper.m */ = {isa = PBXFileReference; fileEncoding = 4; lastKnownFileType = sourcecode.c.objc; path = CommonHelper.m; sourceTree = "<group>"; };
		DD2685E9219A6FE600F1B653 /* NSDate+helper.m */ = {isa = PBXFileReference; fileEncoding = 4; lastKnownFileType = sourcecode.c.objc; path = "NSDate+helper.m"; sourceTree = "<group>"; };
		DD2685EA219A6FE600F1B653 /* NSString+helper.m */ = {isa = PBXFileReference; fileEncoding = 4; lastKnownFileType = sourcecode.c.objc; path = "NSString+helper.m"; sourceTree = "<group>"; };
		DD2685EB219A6FE600F1B653 /* NSDictionary+log.m */ = {isa = PBXFileReference; fileEncoding = 4; lastKnownFileType = sourcecode.c.objc; path = "NSDictionary+log.m"; sourceTree = "<group>"; };
		DD2685EC219A6FE600F1B653 /* UITextView+Placeholder.m */ = {isa = PBXFileReference; fileEncoding = 4; lastKnownFileType = sourcecode.c.objc; path = "UITextView+Placeholder.m"; sourceTree = "<group>"; };
		DD2685ED219A6FE600F1B653 /* NSURL+helper.m */ = {isa = PBXFileReference; fileEncoding = 4; lastKnownFileType = sourcecode.c.objc; path = "NSURL+helper.m"; sourceTree = "<group>"; };
		DD2685EE219A6FE600F1B653 /* UIButton+helper.h */ = {isa = PBXFileReference; fileEncoding = 4; lastKnownFileType = sourcecode.c.h; path = "UIButton+helper.h"; sourceTree = "<group>"; };
		DD2685EF219A6FE600F1B653 /* UIView+helper.h */ = {isa = PBXFileReference; fileEncoding = 4; lastKnownFileType = sourcecode.c.h; path = "UIView+helper.h"; sourceTree = "<group>"; };
		DD2685F0219A6FE600F1B653 /* NSDictionary+log.h */ = {isa = PBXFileReference; fileEncoding = 4; lastKnownFileType = sourcecode.c.h; path = "NSDictionary+log.h"; sourceTree = "<group>"; };
		DD2685F1219A6FE600F1B653 /* NSString+helper.h */ = {isa = PBXFileReference; fileEncoding = 4; lastKnownFileType = sourcecode.c.h; path = "NSString+helper.h"; sourceTree = "<group>"; };
		DD2685F2219A6FE600F1B653 /* NSDate+helper.h */ = {isa = PBXFileReference; fileEncoding = 4; lastKnownFileType = sourcecode.c.h; path = "NSDate+helper.h"; sourceTree = "<group>"; };
		DD2685F3219A6FE600F1B653 /* UITextView+Placeholder.h */ = {isa = PBXFileReference; fileEncoding = 4; lastKnownFileType = sourcecode.c.h; path = "UITextView+Placeholder.h"; sourceTree = "<group>"; };
		DD2685F4219A6FE600F1B653 /* UIView+helper.m */ = {isa = PBXFileReference; fileEncoding = 4; lastKnownFileType = sourcecode.c.objc; path = "UIView+helper.m"; sourceTree = "<group>"; };
		DD2685F5219A6FE600F1B653 /* UIButton+helper.m */ = {isa = PBXFileReference; fileEncoding = 4; lastKnownFileType = sourcecode.c.objc; path = "UIButton+helper.m"; sourceTree = "<group>"; };
		DD2685F6219A6FE600F1B653 /* NSURL+helper.h */ = {isa = PBXFileReference; fileEncoding = 4; lastKnownFileType = sourcecode.c.h; path = "NSURL+helper.h"; sourceTree = "<group>"; };
		DD2685F7219A6FE600F1B653 /* DataHelper.m */ = {isa = PBXFileReference; fileEncoding = 4; lastKnownFileType = sourcecode.c.objc; path = DataHelper.m; sourceTree = "<group>"; };
		DD2685F9219A6FE600F1B653 /* NSURL+QueryDictionary.h */ = {isa = PBXFileReference; fileEncoding = 4; lastKnownFileType = sourcecode.c.h; path = "NSURL+QueryDictionary.h"; sourceTree = "<group>"; };
		DD2685FA219A6FE600F1B653 /* URLRouterHeader.h */ = {isa = PBXFileReference; fileEncoding = 4; lastKnownFileType = sourcecode.c.h; path = URLRouterHeader.h; sourceTree = "<group>"; };
		DD2685FB219A6FE600F1B653 /* URLRouter.h */ = {isa = PBXFileReference; fileEncoding = 4; lastKnownFileType = sourcecode.c.h; path = URLRouter.h; sourceTree = "<group>"; };
		DD2685FC219A6FE600F1B653 /* NSURL+QueryDictionary.m */ = {isa = PBXFileReference; fileEncoding = 4; lastKnownFileType = sourcecode.c.objc; path = "NSURL+QueryDictionary.m"; sourceTree = "<group>"; };
		DD2685FD219A6FE600F1B653 /* URLRouter.m */ = {isa = PBXFileReference; fileEncoding = 4; lastKnownFileType = sourcecode.c.objc; path = URLRouter.m; sourceTree = "<group>"; };
		DD268600219A6FE600F1B653 /* CNPPopupController.h */ = {isa = PBXFileReference; fileEncoding = 4; lastKnownFileType = sourcecode.c.h; path = CNPPopupController.h; sourceTree = "<group>"; };
		DD268601219A6FE600F1B653 /* CNPPopupController.m */ = {isa = PBXFileReference; fileEncoding = 4; lastKnownFileType = sourcecode.c.objc; path = CNPPopupController.m; sourceTree = "<group>"; };
		DD268603219A6FE600F1B653 /* TYCyclePagerView.h */ = {isa = PBXFileReference; fileEncoding = 4; lastKnownFileType = sourcecode.c.h; path = TYCyclePagerView.h; sourceTree = "<group>"; };
		DD268604219A6FE600F1B653 /* TYCyclePagerTransformLayout.h */ = {isa = PBXFileReference; fileEncoding = 4; lastKnownFileType = sourcecode.c.h; path = TYCyclePagerTransformLayout.h; sourceTree = "<group>"; };
		DD268605219A6FE600F1B653 /* TYPageControl.m */ = {isa = PBXFileReference; fileEncoding = 4; lastKnownFileType = sourcecode.c.objc; path = TYPageControl.m; sourceTree = "<group>"; };
		DD268606219A6FE600F1B653 /* TYCyclePagerView.m */ = {isa = PBXFileReference; fileEncoding = 4; lastKnownFileType = sourcecode.c.objc; path = TYCyclePagerView.m; sourceTree = "<group>"; };
		DD268607219A6FE600F1B653 /* TYCyclePagerTransformLayout.m */ = {isa = PBXFileReference; fileEncoding = 4; lastKnownFileType = sourcecode.c.objc; path = TYCyclePagerTransformLayout.m; sourceTree = "<group>"; };
		DD268608219A6FE600F1B653 /* TYPageControl.h */ = {isa = PBXFileReference; fileEncoding = 4; lastKnownFileType = sourcecode.c.h; path = TYPageControl.h; sourceTree = "<group>"; };
		DD26860A219A6FE600F1B653 /* CommonHeader.h */ = {isa = PBXFileReference; fileEncoding = 4; lastKnownFileType = sourcecode.c.h; path = CommonHeader.h; sourceTree = "<group>"; };
		DD26860B219A6FE600F1B653 /* PrefixHeader.pch */ = {isa = PBXFileReference; fileEncoding = 4; lastKnownFileType = sourcecode.c.h; path = PrefixHeader.pch; sourceTree = "<group>"; };
		DD26860D219A6FE600F1B653 /* AccountManager.h */ = {isa = PBXFileReference; fileEncoding = 4; lastKnownFileType = sourcecode.c.h; path = AccountManager.h; sourceTree = "<group>"; };
		DD26860E219A6FE600F1B653 /* AccountManager.m */ = {isa = PBXFileReference; fileEncoding = 4; lastKnownFileType = sourcecode.c.objc; path = AccountManager.m; sourceTree = "<group>"; };
		DD268610219A6FE600F1B653 /* ThemeConfig.json */ = {isa = PBXFileReference; fileEncoding = 4; lastKnownFileType = text.json; path = ThemeConfig.json; sourceTree = "<group>"; };
		DD268611219A6FE600F1B653 /* ThemeKeys.h */ = {isa = PBXFileReference; fileEncoding = 4; lastKnownFileType = sourcecode.c.h; path = ThemeKeys.h; sourceTree = "<group>"; };
		DD268612219A6FE600F1B653 /* ThemeManager.h */ = {isa = PBXFileReference; fileEncoding = 4; lastKnownFileType = sourcecode.c.h; path = ThemeManager.h; sourceTree = "<group>"; };
		DD268613219A6FE600F1B653 /* ThemeManager.m */ = {isa = PBXFileReference; fileEncoding = 4; lastKnownFileType = sourcecode.c.objc; path = ThemeManager.m; sourceTree = "<group>"; };
		DD268615219A6FE600F1B653 /* UserService.h */ = {isa = PBXFileReference; fileEncoding = 4; lastKnownFileType = sourcecode.c.h; path = UserService.h; sourceTree = "<group>"; };
		DD268618219A6FE600F1B653 /* BaseHttpRequest.h */ = {isa = PBXFileReference; fileEncoding = 4; lastKnownFileType = sourcecode.c.h; path = BaseHttpRequest.h; sourceTree = "<group>"; };
		DD268619219A6FE600F1B653 /* BaseHttpService.h */ = {isa = PBXFileReference; fileEncoding = 4; lastKnownFileType = sourcecode.c.h; path = BaseHttpService.h; sourceTree = "<group>"; };
		DD26861A219A6FE600F1B653 /* HttpServiceHeader.h */ = {isa = PBXFileReference; fileEncoding = 4; lastKnownFileType = sourcecode.c.h; path = HttpServiceHeader.h; sourceTree = "<group>"; };
		DD26861B219A6FE600F1B653 /* BaseHttpRequest.m */ = {isa = PBXFileReference; fileEncoding = 4; lastKnownFileType = sourcecode.c.objc; path = BaseHttpRequest.m; sourceTree = "<group>"; };
		DD26861C219A6FE600F1B653 /* BaseHttpService.m */ = {isa = PBXFileReference; fileEncoding = 4; lastKnownFileType = sourcecode.c.objc; path = BaseHttpService.m; sourceTree = "<group>"; };
		DD26861D219A6FE600F1B653 /* HttpApiHeader.h */ = {isa = PBXFileReference; fileEncoding = 4; lastKnownFileType = sourcecode.c.h; path = HttpApiHeader.h; sourceTree = "<group>"; };
		DD26861E219A6FE600F1B653 /* UserService.m */ = {isa = PBXFileReference; fileEncoding = 4; lastKnownFileType = sourcecode.c.objc; path = UserService.m; sourceTree = "<group>"; };
		DD268622219A6FE600F1B653 /* refresh_white.json */ = {isa = PBXFileReference; fileEncoding = 4; lastKnownFileType = text.json; path = refresh_white.json; sourceTree = "<group>"; };
		DD268623219A6FE600F1B653 /* refresh.json */ = {isa = PBXFileReference; fileEncoding = 4; lastKnownFileType = text.json; path = refresh.json; sourceTree = "<group>"; };
		DD268624219A6FE600F1B653 /* refresh_pull.json */ = {isa = PBXFileReference; fileEncoding = 4; lastKnownFileType = text.json; path = refresh_pull.json; sourceTree = "<group>"; };
		DD268626219A6FE600F1B653 /* Times New Roman.ttf */ = {isa = PBXFileReference; lastKnownFileType = file; path = "Times New Roman.ttf"; sourceTree = "<group>"; };
		DD268628219A6FE600F1B653 /* PopupView.h */ = {isa = PBXFileReference; fileEncoding = 4; lastKnownFileType = sourcecode.c.h; path = PopupView.h; sourceTree = "<group>"; };
		DD268629219A6FE600F1B653 /* ExtendButton.m */ = {isa = PBXFileReference; fileEncoding = 4; lastKnownFileType = sourcecode.c.objc; path = ExtendButton.m; sourceTree = "<group>"; };
		DD26862A219A6FE600F1B653 /* PopupView.m */ = {isa = PBXFileReference; fileEncoding = 4; lastKnownFileType = sourcecode.c.objc; path = PopupView.m; sourceTree = "<group>"; };
		DD26862B219A6FE600F1B653 /* ExtendButton.h */ = {isa = PBXFileReference; fileEncoding = 4; lastKnownFileType = sourcecode.c.h; path = ExtendButton.h; sourceTree = "<group>"; };
		DD26862D219A6FE600F1B653 /* UserModel.h */ = {isa = PBXFileReference; fileEncoding = 4; lastKnownFileType = sourcecode.c.h; path = UserModel.h; sourceTree = "<group>"; };
		DD268630219A6FE600F1B653 /* UserModel.m */ = {isa = PBXFileReference; fileEncoding = 4; lastKnownFileType = sourcecode.c.objc; path = UserModel.m; sourceTree = "<group>"; };
		DD268675219A7F6C00F1B653 /* xhFrames.entitlements */ = {isa = PBXFileReference; lastKnownFileType = text.plist.entitlements; path = xhFrames.entitlements; sourceTree = "<group>"; };
		DDA921F2219AA6F000D44A9F /* LanguagesManager.h */ = {isa = PBXFileReference; lastKnownFileType = sourcecode.c.h; path = LanguagesManager.h; sourceTree = "<group>"; };
		DDA921F3219AA6F000D44A9F /* LanguagesManager.m */ = {isa = PBXFileReference; lastKnownFileType = sourcecode.c.objc; path = LanguagesManager.m; sourceTree = "<group>"; };
		DDA921F5219AACB400D44A9F /* NSBundle+Languages.h */ = {isa = PBXFileReference; lastKnownFileType = sourcecode.c.h; path = "NSBundle+Languages.h"; sourceTree = "<group>"; };
		DDA921F6219AACB400D44A9F /* NSBundle+Languages.m */ = {isa = PBXFileReference; lastKnownFileType = sourcecode.c.objc; path = "NSBundle+Languages.m"; sourceTree = "<group>"; };
		DDA921FB219AB2A500D44A9F /* en */ = {isa = PBXFileReference; lastKnownFileType = text.plist.strings; name = en; path = en.lproj/Localizable.strings; sourceTree = "<group>"; };
		DDA921FD219AB41E00D44A9F /* zh-Hans */ = {isa = PBXFileReference; lastKnownFileType = text.plist.strings; name = "zh-Hans"; path = "zh-Hans.lproj/Localizable.strings"; sourceTree = "<group>"; };
		DDA921FE219AB4D700D44A9F /* LanguageSettingsViewController.h */ = {isa = PBXFileReference; lastKnownFileType = sourcecode.c.h; path = LanguageSettingsViewController.h; sourceTree = "<group>"; };
		DDA921FF219AB4D700D44A9F /* LanguageSettingsViewController.m */ = {isa = PBXFileReference; lastKnownFileType = sourcecode.c.objc; path = LanguageSettingsViewController.m; sourceTree = "<group>"; };
		DDA92201219ADEF900D44A9F /* Test1ViewController.h */ = {isa = PBXFileReference; lastKnownFileType = sourcecode.c.h; path = Test1ViewController.h; sourceTree = "<group>"; };
		DDA92202219ADEF900D44A9F /* Test1ViewController.m */ = {isa = PBXFileReference; lastKnownFileType = sourcecode.c.objc; path = Test1ViewController.m; sourceTree = "<group>"; };
		DDA92204219ADF0B00D44A9F /* Test2ViewController.h */ = {isa = PBXFileReference; lastKnownFileType = sourcecode.c.h; path = Test2ViewController.h; sourceTree = "<group>"; };
		DDA92205219ADF0B00D44A9F /* Test2ViewController.m */ = {isa = PBXFileReference; lastKnownFileType = sourcecode.c.objc; path = Test2ViewController.m; sourceTree = "<group>"; };
/* End PBXFileReference section */

/* Begin PBXFrameworksBuildPhase section */
		BBE2DACD21990EB80076C54B /* Frameworks */ = {
			isa = PBXFrameworksBuildPhase;
			buildActionMask = 2147483647;
			files = (
				1C113FBC5C7C44B2952A902B /* libPods-xhFrames.a in Frameworks */,
			);
			runOnlyForDeploymentPostprocessing = 0;
		};
		BBE2DAE521990EB90076C54B /* Frameworks */ = {
			isa = PBXFrameworksBuildPhase;
			buildActionMask = 2147483647;
			files = (
			);
			runOnlyForDeploymentPostprocessing = 0;
		};
		BBE2DAF021990EB90076C54B /* Frameworks */ = {
			isa = PBXFrameworksBuildPhase;
			buildActionMask = 2147483647;
			files = (
			);
			runOnlyForDeploymentPostprocessing = 0;
		};
/* End PBXFrameworksBuildPhase section */

/* Begin PBXGroup section */
		2D63C3D9777A16FBCCB1E0ED /* Pods */ = {
			isa = PBXGroup;
			children = (
				5576AE23BAB1C9744134ED25 /* Pods-xhFrames.debug.xcconfig */,
				B6F998C33226EEEE3002E8D2 /* Pods-xhFrames.release.xcconfig */,
			);
			name = Pods;
			sourceTree = "<group>";
		};
		4BD013589988B055F3B4E967 /* Frameworks */ = {
			isa = PBXGroup;
			children = (
				28E3564DBDD45765A4906D40 /* libPods-xhFrames.a */,
			);
			name = Frameworks;
			sourceTree = "<group>";
		};
		BBE2DAC721990EB80076C54B = {
			isa = PBXGroup;
			children = (
				BBE2DAD221990EB80076C54B /* xhFrames */,
				BBE2DAEB21990EB90076C54B /* xhFramesTests */,
				BBE2DAF621990EB90076C54B /* xhFramesUITests */,
				BBE2DAD121990EB80076C54B /* Products */,
				2D63C3D9777A16FBCCB1E0ED /* Pods */,
				4BD013589988B055F3B4E967 /* Frameworks */,
			);
			sourceTree = "<group>";
		};
		BBE2DAD121990EB80076C54B /* Products */ = {
			isa = PBXGroup;
			children = (
				BBE2DAD021990EB80076C54B /* xhFrames.app */,
				BBE2DAE821990EB90076C54B /* xhFramesTests.xctest */,
				BBE2DAF321990EB90076C54B /* xhFramesUITests.xctest */,
			);
			name = Products;
			sourceTree = "<group>";
		};
		BBE2DAD221990EB80076C54B /* xhFrames */ = {
			isa = PBXGroup;
			children = (
				DD268675219A7F6C00F1B653 /* xhFrames.entitlements */,
				DD268609219A6FE600F1B653 /* Headers */,
				DD268627219A6FE600F1B653 /* Components */,
				DD2685E2219A6FE600F1B653 /* Helpers */,
				DD2685FE219A6FE600F1B653 /* Libs */,
				DD26860C219A6FE600F1B653 /* Managers */,
				DD26862C219A6FE600F1B653 /* Models */,
				DD268590219A6FE500F1B653 /* Modules */,
				DD268620219A6FE600F1B653 /* Resources */,
				DD268614219A6FE600F1B653 /* Services */,
				BBE2DAD321990EB80076C54B /* AppDelegate.h */,
				BBE2DAD421990EB80076C54B /* AppDelegate.m */,
				BBE2DAD621990EB80076C54B /* ViewController.h */,
				BBE2DAD721990EB80076C54B /* ViewController.m */,
				BBE2DAD921990EB80076C54B /* Main.storyboard */,
				BBE2DADC21990EB90076C54B /* Assets.xcassets */,
				BBE2DADE21990EB90076C54B /* LaunchScreen.storyboard */,
				BBE2DAE121990EB90076C54B /* Info.plist */,
				BBE2DAE221990EB90076C54B /* main.m */,
			);
			path = xhFrames;
			sourceTree = "<group>";
		};
		BBE2DAEB21990EB90076C54B /* xhFramesTests */ = {
			isa = PBXGroup;
			children = (
				BBE2DAEC21990EB90076C54B /* xhFramesTests.m */,
				BBE2DAEE21990EB90076C54B /* Info.plist */,
			);
			path = xhFramesTests;
			sourceTree = "<group>";
		};
		BBE2DAF621990EB90076C54B /* xhFramesUITests */ = {
			isa = PBXGroup;
			children = (
				BBE2DAF721990EB90076C54B /* xhFramesUITests.m */,
				BBE2DAF921990EB90076C54B /* Info.plist */,
			);
			path = xhFramesUITests;
			sourceTree = "<group>";
		};
		DD268590219A6FE500F1B653 /* Modules */ = {
			isa = PBXGroup;
			children = (
				DD268674219A778200F1B653 /* Tests */,
				DD26859D219A6FE500F1B653 /* Bases */,
				DD2685B6219A6FE500F1B653 /* User */,
				DD2685CE219A6FE500F1B653 /* Main */,
			);
			path = Modules;
			sourceTree = "<group>";
		};
		DD26859D219A6FE500F1B653 /* Bases */ = {
			isa = PBXGroup;
			children = (
				DD2685A7219A6FE500F1B653 /* Views */,
				DD2685A4219A6FE500F1B653 /* BaseListViewController.h */,
				DD2685A1219A6FE500F1B653 /* BaseListViewController.m */,
				DD2685A2219A6FE500F1B653 /* BaseNavigationController.h */,
				DD2685A3219A6FE500F1B653 /* BaseNavigationController.m */,
				DD26859F219A6FE500F1B653 /* BaseTabBarController.h */,
				DD2685A6219A6FE500F1B653 /* BaseTabBarController.m */,
				DD2685A5219A6FE500F1B653 /* BaseViewController.h */,
				DD2685A0219A6FE500F1B653 /* BaseViewController.m */,
				DD26859E219A6FE500F1B653 /* BaseRefreshProtocol.h */,
			);
			path = Bases;
			sourceTree = "<group>";
		};
		DD2685A7219A6FE500F1B653 /* Views */ = {
			isa = PBXGroup;
			children = (
				DD2685AB219A6FE500F1B653 /* TabBar */,
				DD2685B2219A6FE500F1B653 /* BaseCellProtocol.h */,
				DD2685B0219A6FE500F1B653 /* BaseCollectionViewCell.h */,
				DD2685B4219A6FE500F1B653 /* BaseCollectionViewCell.m */,
				DD2685B5219A6FE500F1B653 /* BaseTableViewCell.h */,
				DD2685AA219A6FE500F1B653 /* BaseTableViewCell.m */,
			);
			path = Views;
			sourceTree = "<group>";
		};
		DD2685AB219A6FE500F1B653 /* TabBar */ = {
			isa = PBXGroup;
			children = (
				DD2685AF219A6FE500F1B653 /* BaseTabBar.h */,
				DD2685AC219A6FE500F1B653 /* BaseTabBar.m */,
				DD2685AD219A6FE500F1B653 /* BaseTabBtn.h */,
				DD2685AE219A6FE500F1B653 /* BaseTabBtn.m */,
			);
			path = TabBar;
			sourceTree = "<group>";
		};
		DD2685B6219A6FE500F1B653 /* User */ = {
			isa = PBXGroup;
			children = (
				DD2685BE219A6FE500F1B653 /* MineViewController.h */,
				DD2685B7219A6FE500F1B653 /* MineViewController.m */,
				DD2685BB219A6FE500F1B653 /* Login */,
				DD2685B8219A6FE500F1B653 /* View */,
			);
			path = User;
			sourceTree = "<group>";
		};
		DD2685B8219A6FE500F1B653 /* View */ = {
			isa = PBXGroup;
			children = (
				DD2685B9219A6FE500F1B653 /* SettingTableViewCell.h */,
				DD2685BA219A6FE500F1B653 /* SettingTableViewCell.m */,
			);
			path = View;
			sourceTree = "<group>";
		};
		DD2685BB219A6FE500F1B653 /* Login */ = {
			isa = PBXGroup;
			children = (
				DD2685BD219A6FE500F1B653 /* LoginViewController.h */,
				DD2685BC219A6FE500F1B653 /* LoginViewController.m */,
			);
			path = Login;
			sourceTree = "<group>";
		};
		DD2685CE219A6FE500F1B653 /* Main */ = {
			isa = PBXGroup;
			children = (
				DD2685D5219A6FE600F1B653 /* MainTabBarController.h */,
				DD2685D0219A6FE600F1B653 /* MainTabBarController.m */,
				DD2685D2219A6FE600F1B653 /* View */,
				DD2685CF219A6FE600F1B653 /* WebViewController.h */,
				DD2685D1219A6FE600F1B653 /* WebViewController.m */,
				DDA921FE219AB4D700D44A9F /* LanguageSettingsViewController.h */,
				DDA921FF219AB4D700D44A9F /* LanguageSettingsViewController.m */,
			);
			path = Main;
			sourceTree = "<group>";
		};
		DD2685D2219A6FE600F1B653 /* View */ = {
			isa = PBXGroup;
			children = (
				DD2685D4219A6FE600F1B653 /* XHRefreshHeader.h */,
				DD2685D3219A6FE600F1B653 /* XHRefreshHeader.m */,
			);
			path = View;
			sourceTree = "<group>";
		};
		DD2685E2219A6FE600F1B653 /* Helpers */ = {
			isa = PBXGroup;
			children = (
				DD2685E8219A6FE600F1B653 /* Categories */,
				DD2685F8219A6FE600F1B653 /* Router */,
				DD2685E6219A6FE600F1B653 /* AppTrackHelper.h */,
				DD2685E4219A6FE600F1B653 /* AppTrackHelper.m */,
				DD2685E3219A6FE600F1B653 /* CommonHelper.h */,
				DD2685E7219A6FE600F1B653 /* CommonHelper.m */,
				DD2685E5219A6FE600F1B653 /* DataHelper.h */,
				DD2685F7219A6FE600F1B653 /* DataHelper.m */,
			);
			path = Helpers;
			sourceTree = "<group>";
		};
		DD2685E8219A6FE600F1B653 /* Categories */ = {
			isa = PBXGroup;
			children = (
				DD2685F2219A6FE600F1B653 /* NSDate+helper.h */,
				DD2685E9219A6FE600F1B653 /* NSDate+helper.m */,
				DD2685F0219A6FE600F1B653 /* NSDictionary+log.h */,
				DD2685EB219A6FE600F1B653 /* NSDictionary+log.m */,
				DD2685F1219A6FE600F1B653 /* NSString+helper.h */,
				DD2685EA219A6FE600F1B653 /* NSString+helper.m */,
				DD2685F6219A6FE600F1B653 /* NSURL+helper.h */,
				DD2685ED219A6FE600F1B653 /* NSURL+helper.m */,
				DD2685EE219A6FE600F1B653 /* UIButton+helper.h */,
				DD2685F5219A6FE600F1B653 /* UIButton+helper.m */,
				DD2685F3219A6FE600F1B653 /* UITextView+Placeholder.h */,
				DD2685EC219A6FE600F1B653 /* UITextView+Placeholder.m */,
				DD2685EF219A6FE600F1B653 /* UIView+helper.h */,
				DD2685F4219A6FE600F1B653 /* UIView+helper.m */,
			);
			path = Categories;
			sourceTree = "<group>";
		};
		DD2685F8219A6FE600F1B653 /* Router */ = {
			isa = PBXGroup;
			children = (
				DD2685F9219A6FE600F1B653 /* NSURL+QueryDictionary.h */,
				DD2685FC219A6FE600F1B653 /* NSURL+QueryDictionary.m */,
				DD2685FB219A6FE600F1B653 /* URLRouter.h */,
				DD2685FD219A6FE600F1B653 /* URLRouter.m */,
				DD2685FA219A6FE600F1B653 /* URLRouterHeader.h */,
			);
			path = Router;
			sourceTree = "<group>";
		};
		DD2685FE219A6FE600F1B653 /* Libs */ = {
			isa = PBXGroup;
			children = (
				DD2685FF219A6FE600F1B653 /* CNPPopupController */,
				DD268602219A6FE600F1B653 /* TYCyclePagerView */,
			);
			path = Libs;
			sourceTree = "<group>";
		};
		DD2685FF219A6FE600F1B653 /* CNPPopupController */ = {
			isa = PBXGroup;
			children = (
				DD268600219A6FE600F1B653 /* CNPPopupController.h */,
				DD268601219A6FE600F1B653 /* CNPPopupController.m */,
			);
			path = CNPPopupController;
			sourceTree = "<group>";
		};
		DD268602219A6FE600F1B653 /* TYCyclePagerView */ = {
			isa = PBXGroup;
			children = (
				DD268604219A6FE600F1B653 /* TYCyclePagerTransformLayout.h */,
				DD268607219A6FE600F1B653 /* TYCyclePagerTransformLayout.m */,
				DD268603219A6FE600F1B653 /* TYCyclePagerView.h */,
				DD268606219A6FE600F1B653 /* TYCyclePagerView.m */,
				DD268608219A6FE600F1B653 /* TYPageControl.h */,
				DD268605219A6FE600F1B653 /* TYPageControl.m */,
			);
			path = TYCyclePagerView;
			sourceTree = "<group>";
		};
		DD268609219A6FE600F1B653 /* Headers */ = {
			isa = PBXGroup;
			children = (
				DD26860A219A6FE600F1B653 /* CommonHeader.h */,
				DD26860B219A6FE600F1B653 /* PrefixHeader.pch */,
			);
			path = Headers;
			sourceTree = "<group>";
		};
		DD26860C219A6FE600F1B653 /* Managers */ = {
			isa = PBXGroup;
			children = (
				DD26860D219A6FE600F1B653 /* AccountManager.h */,
				DD26860E219A6FE600F1B653 /* AccountManager.m */,
				DDA921F1219AA6DD00D44A9F /* Languages */,
				DD26860F219A6FE600F1B653 /* Themes */,
			);
			path = Managers;
			sourceTree = "<group>";
		};
		DD26860F219A6FE600F1B653 /* Themes */ = {
			isa = PBXGroup;
			children = (
				DD268610219A6FE600F1B653 /* ThemeConfig.json */,
				DD268611219A6FE600F1B653 /* ThemeKeys.h */,
				DD268612219A6FE600F1B653 /* ThemeManager.h */,
				DD268613219A6FE600F1B653 /* ThemeManager.m */,
			);
			path = Themes;
			sourceTree = "<group>";
		};
		DD268614219A6FE600F1B653 /* Services */ = {
			isa = PBXGroup;
			children = (
				DD268617219A6FE600F1B653 /* Bases */,
				DD26861D219A6FE600F1B653 /* HttpApiHeader.h */,
				DD268615219A6FE600F1B653 /* UserService.h */,
				DD26861E219A6FE600F1B653 /* UserService.m */,
			);
			path = Services;
			sourceTree = "<group>";
		};
		DD268617219A6FE600F1B653 /* Bases */ = {
			isa = PBXGroup;
			children = (
				DD268619219A6FE600F1B653 /* BaseHttpService.h */,
				DD26861C219A6FE600F1B653 /* BaseHttpService.m */,
				DD268618219A6FE600F1B653 /* BaseHttpRequest.h */,
				DD26861B219A6FE600F1B653 /* BaseHttpRequest.m */,
				DD26861A219A6FE600F1B653 /* HttpServiceHeader.h */,
			);
			path = Bases;
			sourceTree = "<group>";
		};
		DD268620219A6FE600F1B653 /* Resources */ = {
			isa = PBXGroup;
			children = (
				DD268621219A6FE600F1B653 /* Lotties */,
				DD268625219A6FE600F1B653 /* Fonts */,
			);
			path = Resources;
			sourceTree = "<group>";
		};
		DD268621219A6FE600F1B653 /* Lotties */ = {
			isa = PBXGroup;
			children = (
				DD268622219A6FE600F1B653 /* refresh_white.json */,
				DD268623219A6FE600F1B653 /* refresh.json */,
				DD268624219A6FE600F1B653 /* refresh_pull.json */,
			);
			path = Lotties;
			sourceTree = "<group>";
		};
		DD268625219A6FE600F1B653 /* Fonts */ = {
			isa = PBXGroup;
			children = (
				DD268626219A6FE600F1B653 /* Times New Roman.ttf */,
			);
			path = Fonts;
			sourceTree = "<group>";
		};
		DD268627219A6FE600F1B653 /* Components */ = {
			isa = PBXGroup;
			children = (
				DD26862B219A6FE600F1B653 /* ExtendButton.h */,
				DD268629219A6FE600F1B653 /* ExtendButton.m */,
				DD268628219A6FE600F1B653 /* PopupView.h */,
				DD26862A219A6FE600F1B653 /* PopupView.m */,
				DD2685B3219A6FE500F1B653 /* IntrinsicView.h */,
				DD2685A9219A6FE500F1B653 /* IntrinsicView.m */,
				DD24AA4B2248B16000BAC90A /* GestureScrollView.h */,
				DD24AA4C2248B16000BAC90A /* GestureScrollView.m */,
				DD2685B1219A6FE500F1B653 /* ImageTextButton.h */,
				DD2685A8219A6FE500F1B653 /* ImageTextButton.m */,
			);
			path = Components;
			sourceTree = "<group>";
		};
		DD26862C219A6FE600F1B653 /* Models */ = {
			isa = PBXGroup;
			children = (
				DD26862D219A6FE600F1B653 /* UserModel.h */,
				DD268630219A6FE600F1B653 /* UserModel.m */,
			);
			path = Models;
			sourceTree = "<group>";
		};
		DD268674219A778200F1B653 /* Tests */ = {
			isa = PBXGroup;
			children = (
				DDA92201219ADEF900D44A9F /* Test1ViewController.h */,
				DDA92202219ADEF900D44A9F /* Test1ViewController.m */,
				DDA92204219ADF0B00D44A9F /* Test2ViewController.h */,
				DDA92205219ADF0B00D44A9F /* Test2ViewController.m */,
			);
			path = Tests;
			sourceTree = "<group>";
		};
		DDA921F1219AA6DD00D44A9F /* Languages */ = {
			isa = PBXGroup;
			children = (
				DDA921FC219AB2A500D44A9F /* Localizable.strings */,
				DDA921F2219AA6F000D44A9F /* LanguagesManager.h */,
				DDA921F3219AA6F000D44A9F /* LanguagesManager.m */,
				DDA921F5219AACB400D44A9F /* NSBundle+Languages.h */,
				DDA921F6219AACB400D44A9F /* NSBundle+Languages.m */,
			);
			path = Languages;
			sourceTree = "<group>";
		};
/* End PBXGroup section */

/* Begin PBXNativeTarget section */
		BBE2DACF21990EB80076C54B /* xhFrames */ = {
			isa = PBXNativeTarget;
			buildConfigurationList = BBE2DAFC21990EB90076C54B /* Build configuration list for PBXNativeTarget "xhFrames" */;
			buildPhases = (
				0503DEA2AB97029582C9F13A /* [CP] Check Pods Manifest.lock */,
				BBE2DACC21990EB80076C54B /* Sources */,
				BBE2DACD21990EB80076C54B /* Frameworks */,
				BBE2DACE21990EB80076C54B /* Resources */,
				8B4580834FA4C3AFC1DB5054 /* [CP] Copy Pods Resources */,
			);
			buildRules = (
			);
			dependencies = (
			);
			name = xhFrames;
			productName = xhFrames;
			productReference = BBE2DAD021990EB80076C54B /* xhFrames.app */;
			productType = "com.apple.product-type.application";
		};
		BBE2DAE721990EB90076C54B /* xhFramesTests */ = {
			isa = PBXNativeTarget;
			buildConfigurationList = BBE2DAFF21990EB90076C54B /* Build configuration list for PBXNativeTarget "xhFramesTests" */;
			buildPhases = (
				BBE2DAE421990EB90076C54B /* Sources */,
				BBE2DAE521990EB90076C54B /* Frameworks */,
				BBE2DAE621990EB90076C54B /* Resources */,
			);
			buildRules = (
			);
			dependencies = (
				BBE2DAEA21990EB90076C54B /* PBXTargetDependency */,
			);
			name = xhFramesTests;
			productName = xhFramesTests;
			productReference = BBE2DAE821990EB90076C54B /* xhFramesTests.xctest */;
			productType = "com.apple.product-type.bundle.unit-test";
		};
		BBE2DAF221990EB90076C54B /* xhFramesUITests */ = {
			isa = PBXNativeTarget;
			buildConfigurationList = BBE2DB0221990EB90076C54B /* Build configuration list for PBXNativeTarget "xhFramesUITests" */;
			buildPhases = (
				BBE2DAEF21990EB90076C54B /* Sources */,
				BBE2DAF021990EB90076C54B /* Frameworks */,
				BBE2DAF121990EB90076C54B /* Resources */,
			);
			buildRules = (
			);
			dependencies = (
				BBE2DAF521990EB90076C54B /* PBXTargetDependency */,
			);
			name = xhFramesUITests;
			productName = xhFramesUITests;
			productReference = BBE2DAF321990EB90076C54B /* xhFramesUITests.xctest */;
			productType = "com.apple.product-type.bundle.ui-testing";
		};
/* End PBXNativeTarget section */

/* Begin PBXProject section */
		BBE2DAC821990EB80076C54B /* Project object */ = {
			isa = PBXProject;
			attributes = {
				LastUpgradeCheck = 1010;
				ORGANIZATIONNAME = xianghui;
				TargetAttributes = {
					BBE2DACF21990EB80076C54B = {
						CreatedOnToolsVersion = 10.1;
						SystemCapabilities = {
							com.apple.BackgroundModes = {
								enabled = 1;
							};
							com.apple.Push = {
								enabled = 1;
							};
						};
					};
					BBE2DAE721990EB90076C54B = {
						CreatedOnToolsVersion = 10.1;
						TestTargetID = BBE2DACF21990EB80076C54B;
					};
					BBE2DAF221990EB90076C54B = {
						CreatedOnToolsVersion = 10.1;
						TestTargetID = BBE2DACF21990EB80076C54B;
					};
				};
			};
			buildConfigurationList = BBE2DACB21990EB80076C54B /* Build configuration list for PBXProject "xhFrames" */;
			compatibilityVersion = "Xcode 9.3";
			developmentRegion = en;
			hasScannedForEncodings = 0;
			knownRegions = (
				en,
				Base,
				"zh-Hans",
			);
			mainGroup = BBE2DAC721990EB80076C54B;
			productRefGroup = BBE2DAD121990EB80076C54B /* Products */;
			projectDirPath = "";
			projectRoot = "";
			targets = (
				BBE2DACF21990EB80076C54B /* xhFrames */,
				BBE2DAE721990EB90076C54B /* xhFramesTests */,
				BBE2DAF221990EB90076C54B /* xhFramesUITests */,
			);
		};
/* End PBXProject section */

/* Begin PBXResourcesBuildPhase section */
		BBE2DACE21990EB80076C54B /* Resources */ = {
			isa = PBXResourcesBuildPhase;
			buildActionMask = 2147483647;
			files = (
				DD26866D219A6FE600F1B653 /* Times New Roman.ttf in Resources */,
				DD26866C219A6FE600F1B653 /* refresh_pull.json in Resources */,
				BBE2DAE021990EB90076C54B /* LaunchScreen.storyboard in Resources */,
				DD26866B219A6FE600F1B653 /* refresh.json in Resources */,
				DDA921FA219AB2A500D44A9F /* Localizable.strings in Resources */,
				BBE2DADD21990EB90076C54B /* Assets.xcassets in Resources */,
				BBE2DADB21990EB80076C54B /* Main.storyboard in Resources */,
				DD26866A219A6FE600F1B653 /* refresh_white.json in Resources */,
				DD268664219A6FE600F1B653 /* ThemeConfig.json in Resources */,
			);
			runOnlyForDeploymentPostprocessing = 0;
		};
		BBE2DAE621990EB90076C54B /* Resources */ = {
			isa = PBXResourcesBuildPhase;
			buildActionMask = 2147483647;
			files = (
			);
			runOnlyForDeploymentPostprocessing = 0;
		};
		BBE2DAF121990EB90076C54B /* Resources */ = {
			isa = PBXResourcesBuildPhase;
			buildActionMask = 2147483647;
			files = (
			);
			runOnlyForDeploymentPostprocessing = 0;
		};
/* End PBXResourcesBuildPhase section */

/* Begin PBXShellScriptBuildPhase section */
		0503DEA2AB97029582C9F13A /* [CP] Check Pods Manifest.lock */ = {
			isa = PBXShellScriptBuildPhase;
			buildActionMask = 2147483647;
			files = (
			);
			inputFileListPaths = (
			);
			inputPaths = (
				"${PODS_PODFILE_DIR_PATH}/Podfile.lock",
				"${PODS_ROOT}/Manifest.lock",
			);
			name = "[CP] Check Pods Manifest.lock";
			outputFileListPaths = (
			);
			outputPaths = (
				"$(DERIVED_FILE_DIR)/Pods-xhFrames-checkManifestLockResult.txt",
			);
			runOnlyForDeploymentPostprocessing = 0;
			shellPath = /bin/sh;
			shellScript = "diff \"${PODS_PODFILE_DIR_PATH}/Podfile.lock\" \"${PODS_ROOT}/Manifest.lock\" > /dev/null\nif [ $? != 0 ] ; then\n    # print error to STDERR\n    echo \"error: The sandbox is not in sync with the Podfile.lock. Run 'pod install' or update your CocoaPods installation.\" >&2\n    exit 1\nfi\n# This output is used by Xcode 'outputs' to avoid re-running this script phase.\necho \"SUCCESS\" > \"${SCRIPT_OUTPUT_FILE_0}\"\n";
			showEnvVarsInLog = 0;
		};
		8B4580834FA4C3AFC1DB5054 /* [CP] Copy Pods Resources */ = {
			isa = PBXShellScriptBuildPhase;
			buildActionMask = 2147483647;
			files = (
			);
			inputFileListPaths = (
			);
			inputPaths = (
				"${SRCROOT}/Pods/Target Support Files/Pods-xhFrames/Pods-xhFrames-resources.sh",
				"${PODS_ROOT}/MJRefresh/MJRefresh/MJRefresh.bundle",
			);
			name = "[CP] Copy Pods Resources";
			outputFileListPaths = (
			);
			outputPaths = (
				"${TARGET_BUILD_DIR}/${UNLOCALIZED_RESOURCES_FOLDER_PATH}/MJRefresh.bundle",
			);
			runOnlyForDeploymentPostprocessing = 0;
			shellPath = /bin/sh;
			shellScript = "\"${SRCROOT}/Pods/Target Support Files/Pods-xhFrames/Pods-xhFrames-resources.sh\"\n";
			showEnvVarsInLog = 0;
		};
/* End PBXShellScriptBuildPhase section */

/* Begin PBXSourcesBuildPhase section */
		BBE2DACC21990EB80076C54B /* Sources */ = {
			isa = PBXSourcesBuildPhase;
			buildActionMask = 2147483647;
			files = (
				DD26863F219A6FE600F1B653 /* BaseTabBar.m in Sources */,
				DD268644219A6FE600F1B653 /* LoginViewController.m in Sources */,
				DD268656219A6FE600F1B653 /* NSString+helper.m in Sources */,
				DD268641219A6FE600F1B653 /* BaseCollectionViewCell.m in Sources */,
				DD26865E219A6FE600F1B653 /* URLRouter.m in Sources */,
				DD268663219A6FE600F1B653 /* AccountManager.m in Sources */,
				DDA92203219ADEF900D44A9F /* Test1ViewController.m in Sources */,
				DD26865F219A6FE600F1B653 /* CNPPopupController.m in Sources */,
				DD24AA4D2248B16000BAC90A /* GestureScrollView.m in Sources */,
				DD268640219A6FE600F1B653 /* BaseTabBtn.m in Sources */,
				DD26865D219A6FE600F1B653 /* NSURL+QueryDictionary.m in Sources */,
				DD26864D219A6FE600F1B653 /* XHRefreshHeader.m in Sources */,
				DDA92200219AB4D700D44A9F /* LanguageSettingsViewController.m in Sources */,
				DD268643219A6FE600F1B653 /* SettingTableViewCell.m in Sources */,
				DD268665219A6FE600F1B653 /* ThemeManager.m in Sources */,
				DD26865B219A6FE600F1B653 /* UIButton+helper.m in Sources */,
				DD268638219A6FE600F1B653 /* BaseViewController.m in Sources */,
				DD268654219A6FE600F1B653 /* CommonHelper.m in Sources */,
				DD26865A219A6FE600F1B653 /* UIView+helper.m in Sources */,
				DD268639219A6FE600F1B653 /* BaseListViewController.m in Sources */,
				DDA921F4219AA6F000D44A9F /* LanguagesManager.m in Sources */,
				DD268660219A6FE600F1B653 /* TYPageControl.m in Sources */,
				DD26863A219A6FE600F1B653 /* BaseNavigationController.m in Sources */,
				DD268668219A6FE600F1B653 /* UserService.m in Sources */,
				DD26863C219A6FE600F1B653 /* ImageTextButton.m in Sources */,
				DDA921F7219AACB400D44A9F /* NSBundle+Languages.m in Sources */,
				DD26863D219A6FE600F1B653 /* IntrinsicView.m in Sources */,
				DD268655219A6FE600F1B653 /* NSDate+helper.m in Sources */,
				DD26866F219A6FE600F1B653 /* PopupView.m in Sources */,
				DD26864C219A6FE600F1B653 /* WebViewController.m in Sources */,
				DD268670219A6FE600F1B653 /* UserModel.m in Sources */,
				DD268662219A6FE600F1B653 /* TYCyclePagerTransformLayout.m in Sources */,
				BBE2DAD821990EB80076C54B /* ViewController.m in Sources */,
				DD26866E219A6FE600F1B653 /* ExtendButton.m in Sources */,
				DDA92206219ADF0B00D44A9F /* Test2ViewController.m in Sources */,
				DD268661219A6FE600F1B653 /* TYCyclePagerView.m in Sources */,
				DD268642219A6FE600F1B653 /* MineViewController.m in Sources */,
				DD26863E219A6FE600F1B653 /* BaseTableViewCell.m in Sources */,
				DD268657219A6FE600F1B653 /* NSDictionary+log.m in Sources */,
				DD268653219A6FE600F1B653 /* AppTrackHelper.m in Sources */,
				DD268666219A6FE600F1B653 /* BaseHttpRequest.m in Sources */,
				DD26864B219A6FE600F1B653 /* MainTabBarController.m in Sources */,
				DD268658219A6FE600F1B653 /* UITextView+Placeholder.m in Sources */,
				DD268667219A6FE600F1B653 /* BaseHttpService.m in Sources */,
				BBE2DAE321990EB90076C54B /* main.m in Sources */,
				DD26863B219A6FE600F1B653 /* BaseTabBarController.m in Sources */,
				DD26865C219A6FE600F1B653 /* DataHelper.m in Sources */,
				DD268659219A6FE600F1B653 /* NSURL+helper.m in Sources */,
				BBE2DAD521990EB80076C54B /* AppDelegate.m in Sources */,
			);
			runOnlyForDeploymentPostprocessing = 0;
		};
		BBE2DAE421990EB90076C54B /* Sources */ = {
			isa = PBXSourcesBuildPhase;
			buildActionMask = 2147483647;
			files = (
				BBE2DAED21990EB90076C54B /* xhFramesTests.m in Sources */,
			);
			runOnlyForDeploymentPostprocessing = 0;
		};
		BBE2DAEF21990EB90076C54B /* Sources */ = {
			isa = PBXSourcesBuildPhase;
			buildActionMask = 2147483647;
			files = (
				BBE2DAF821990EB90076C54B /* xhFramesUITests.m in Sources */,
			);
			runOnlyForDeploymentPostprocessing = 0;
		};
/* End PBXSourcesBuildPhase section */

/* Begin PBXTargetDependency section */
		BBE2DAEA21990EB90076C54B /* PBXTargetDependency */ = {
			isa = PBXTargetDependency;
			target = BBE2DACF21990EB80076C54B /* xhFrames */;
			targetProxy = BBE2DAE921990EB90076C54B /* PBXContainerItemProxy */;
		};
		BBE2DAF521990EB90076C54B /* PBXTargetDependency */ = {
			isa = PBXTargetDependency;
			target = BBE2DACF21990EB80076C54B /* xhFrames */;
			targetProxy = BBE2DAF421990EB90076C54B /* PBXContainerItemProxy */;
		};
/* End PBXTargetDependency section */

/* Begin PBXVariantGroup section */
		BBE2DAD921990EB80076C54B /* Main.storyboard */ = {
			isa = PBXVariantGroup;
			children = (
				BBE2DADA21990EB80076C54B /* Base */,
			);
			name = Main.storyboard;
			sourceTree = "<group>";
		};
		BBE2DADE21990EB90076C54B /* LaunchScreen.storyboard */ = {
			isa = PBXVariantGroup;
			children = (
				BBE2DADF21990EB90076C54B /* Base */,
			);
			name = LaunchScreen.storyboard;
			sourceTree = "<group>";
		};
		DDA921FC219AB2A500D44A9F /* Localizable.strings */ = {
			isa = PBXVariantGroup;
			children = (
				DDA921FB219AB2A500D44A9F /* en */,
				DDA921FD219AB41E00D44A9F /* zh-Hans */,
			);
			name = Localizable.strings;
			sourceTree = "<group>";
		};
/* End PBXVariantGroup section */

/* Begin XCBuildConfiguration section */
		BBE2DAFA21990EB90076C54B /* Debug */ = {
			isa = XCBuildConfiguration;
			buildSettings = {
				ALWAYS_SEARCH_USER_PATHS = NO;
				CLANG_ANALYZER_LOCALIZABILITY_NONLOCALIZED = YES;
				CLANG_ANALYZER_NONNULL = YES;
				CLANG_ANALYZER_NUMBER_OBJECT_CONVERSION = YES_AGGRESSIVE;
				CLANG_CXX_LANGUAGE_STANDARD = "gnu++14";
				CLANG_CXX_LIBRARY = "libc++";
				CLANG_ENABLE_MODULES = YES;
				CLANG_ENABLE_OBJC_ARC = YES;
				CLANG_ENABLE_OBJC_WEAK = YES;
				CLANG_WARN_BLOCK_CAPTURE_AUTORELEASING = YES;
				CLANG_WARN_BOOL_CONVERSION = YES;
				CLANG_WARN_COMMA = YES;
				CLANG_WARN_CONSTANT_CONVERSION = YES;
				CLANG_WARN_DEPRECATED_OBJC_IMPLEMENTATIONS = YES;
				CLANG_WARN_DIRECT_OBJC_ISA_USAGE = YES_ERROR;
				CLANG_WARN_DOCUMENTATION_COMMENTS = YES;
				CLANG_WARN_EMPTY_BODY = YES;
				CLANG_WARN_ENUM_CONVERSION = YES;
				CLANG_WARN_INFINITE_RECURSION = YES;
				CLANG_WARN_INT_CONVERSION = YES;
				CLANG_WARN_NON_LITERAL_NULL_CONVERSION = YES;
				CLANG_WARN_OBJC_IMPLICIT_RETAIN_SELF = YES;
				CLANG_WARN_OBJC_LITERAL_CONVERSION = YES;
				CLANG_WARN_OBJC_ROOT_CLASS = YES_ERROR;
				CLANG_WARN_RANGE_LOOP_ANALYSIS = YES;
				CLANG_WARN_STRICT_PROTOTYPES = YES;
				CLANG_WARN_SUSPICIOUS_MOVE = YES;
				CLANG_WARN_UNGUARDED_AVAILABILITY = YES_AGGRESSIVE;
				CLANG_WARN_UNREACHABLE_CODE = YES;
				CLANG_WARN__DUPLICATE_METHOD_MATCH = YES;
				CODE_SIGN_IDENTITY = "iPhone Developer";
				COPY_PHASE_STRIP = NO;
				DEBUG_INFORMATION_FORMAT = dwarf;
				ENABLE_STRICT_OBJC_MSGSEND = YES;
				ENABLE_TESTABILITY = YES;
				GCC_C_LANGUAGE_STANDARD = gnu11;
				GCC_DYNAMIC_NO_PIC = NO;
				GCC_NO_COMMON_BLOCKS = YES;
				GCC_OPTIMIZATION_LEVEL = 0;
				GCC_PREPROCESSOR_DEFINITIONS = (
					"DEBUG=1",
					"$(inherited)",
				);
				GCC_WARN_64_TO_32_BIT_CONVERSION = YES;
				GCC_WARN_ABOUT_RETURN_TYPE = YES_ERROR;
				GCC_WARN_UNDECLARED_SELECTOR = YES;
				GCC_WARN_UNINITIALIZED_AUTOS = YES_AGGRESSIVE;
				GCC_WARN_UNUSED_FUNCTION = YES;
				GCC_WARN_UNUSED_VARIABLE = YES;
				IPHONEOS_DEPLOYMENT_TARGET = 8.0;
				MTL_ENABLE_DEBUG_INFO = INCLUDE_SOURCE;
				MTL_FAST_MATH = YES;
				ONLY_ACTIVE_ARCH = YES;
				SDKROOT = iphoneos;
			};
			name = Debug;
		};
		BBE2DAFB21990EB90076C54B /* Release */ = {
			isa = XCBuildConfiguration;
			buildSettings = {
				ALWAYS_SEARCH_USER_PATHS = NO;
				CLANG_ANALYZER_LOCALIZABILITY_NONLOCALIZED = YES;
				CLANG_ANALYZER_NONNULL = YES;
				CLANG_ANALYZER_NUMBER_OBJECT_CONVERSION = YES_AGGRESSIVE;
				CLANG_CXX_LANGUAGE_STANDARD = "gnu++14";
				CLANG_CXX_LIBRARY = "libc++";
				CLANG_ENABLE_MODULES = YES;
				CLANG_ENABLE_OBJC_ARC = YES;
				CLANG_ENABLE_OBJC_WEAK = YES;
				CLANG_WARN_BLOCK_CAPTURE_AUTORELEASING = YES;
				CLANG_WARN_BOOL_CONVERSION = YES;
				CLANG_WARN_COMMA = YES;
				CLANG_WARN_CONSTANT_CONVERSION = YES;
				CLANG_WARN_DEPRECATED_OBJC_IMPLEMENTATIONS = YES;
				CLANG_WARN_DIRECT_OBJC_ISA_USAGE = YES_ERROR;
				CLANG_WARN_DOCUMENTATION_COMMENTS = YES;
				CLANG_WARN_EMPTY_BODY = YES;
				CLANG_WARN_ENUM_CONVERSION = YES;
				CLANG_WARN_INFINITE_RECURSION = YES;
				CLANG_WARN_INT_CONVERSION = YES;
				CLANG_WARN_NON_LITERAL_NULL_CONVERSION = YES;
				CLANG_WARN_OBJC_IMPLICIT_RETAIN_SELF = YES;
				CLANG_WARN_OBJC_LITERAL_CONVERSION = YES;
				CLANG_WARN_OBJC_ROOT_CLASS = YES_ERROR;
				CLANG_WARN_RANGE_LOOP_ANALYSIS = YES;
				CLANG_WARN_STRICT_PROTOTYPES = YES;
				CLANG_WARN_SUSPICIOUS_MOVE = YES;
				CLANG_WARN_UNGUARDED_AVAILABILITY = YES_AGGRESSIVE;
				CLANG_WARN_UNREACHABLE_CODE = YES;
				CLANG_WARN__DUPLICATE_METHOD_MATCH = YES;
				CODE_SIGN_IDENTITY = "iPhone Developer";
				COPY_PHASE_STRIP = NO;
				DEBUG_INFORMATION_FORMAT = "dwarf-with-dsym";
				ENABLE_NS_ASSERTIONS = NO;
				ENABLE_STRICT_OBJC_MSGSEND = YES;
				GCC_C_LANGUAGE_STANDARD = gnu11;
				GCC_NO_COMMON_BLOCKS = YES;
				GCC_WARN_64_TO_32_BIT_CONVERSION = YES;
				GCC_WARN_ABOUT_RETURN_TYPE = YES_ERROR;
				GCC_WARN_UNDECLARED_SELECTOR = YES;
				GCC_WARN_UNINITIALIZED_AUTOS = YES_AGGRESSIVE;
				GCC_WARN_UNUSED_FUNCTION = YES;
				GCC_WARN_UNUSED_VARIABLE = YES;
				IPHONEOS_DEPLOYMENT_TARGET = 8.0;
				MTL_ENABLE_DEBUG_INFO = NO;
				MTL_FAST_MATH = YES;
				SDKROOT = iphoneos;
				VALIDATE_PRODUCT = YES;
			};
			name = Release;
		};
		BBE2DAFD21990EB90076C54B /* Debug */ = {
			isa = XCBuildConfiguration;
			baseConfigurationReference = 5576AE23BAB1C9744134ED25 /* Pods-xhFrames.debug.xcconfig */;
			buildSettings = {
				ASSETCATALOG_COMPILER_APPICON_NAME = AppIcon;
				CLANG_WARN_DOCUMENTATION_COMMENTS = NO;
				CLANG_WARN_STRICT_PROTOTYPES = NO;
				CODE_SIGN_ENTITLEMENTS = xhFrames/xhFrames.entitlements;
				CODE_SIGN_STYLE = Automatic;
				DEVELOPMENT_TEAM = PFS3AG5754;
				GCC_PREFIX_HEADER = "$(PRODUCT_NAME)/Headers/PrefixHeader.pch";
				INFOPLIST_FILE = xhFrames/Info.plist;
				IPHONEOS_DEPLOYMENT_TARGET = 8.0;
				LD_RUNPATH_SEARCH_PATHS = (
					"$(inherited)",
					"@executable_path/Frameworks",
				);
				PRODUCT_BUNDLE_IDENTIFIER = com.xianghui.xhFrames;
				PRODUCT_NAME = "$(TARGET_NAME)";
				TARGETED_DEVICE_FAMILY = "1,2";
			};
			name = Debug;
		};
		BBE2DAFE21990EB90076C54B /* Release */ = {
			isa = XCBuildConfiguration;
			baseConfigurationReference = B6F998C33226EEEE3002E8D2 /* Pods-xhFrames.release.xcconfig */;
			buildSettings = {
				ASSETCATALOG_COMPILER_APPICON_NAME = AppIcon;
				CLANG_WARN_DOCUMENTATION_COMMENTS = NO;
				CLANG_WARN_STRICT_PROTOTYPES = NO;
				CODE_SIGN_ENTITLEMENTS = xhFrames/xhFrames.entitlements;
				CODE_SIGN_STYLE = Automatic;
				DEVELOPMENT_TEAM = PFS3AG5754;
				GCC_PREFIX_HEADER = "$(PRODUCT_NAME)/Headers/PrefixHeader.pch";
				INFOPLIST_FILE = xhFrames/Info.plist;
				IPHONEOS_DEPLOYMENT_TARGET = 8.0;
				LD_RUNPATH_SEARCH_PATHS = (
					"$(inherited)",
					"@executable_path/Frameworks",
				);
				PRODUCT_BUNDLE_IDENTIFIER = com.xianghui.xhFrames;
				PRODUCT_NAME = "$(TARGET_NAME)";
				TARGETED_DEVICE_FAMILY = "1,2";
			};
			name = Release;
		};
		BBE2DB0021990EB90076C54B /* Debug */ = {
			isa = XCBuildConfiguration;
			buildSettings = {
				BUNDLE_LOADER = "$(TEST_HOST)";
				CODE_SIGN_STYLE = Automatic;
				DEVELOPMENT_TEAM = PFS3AG5754;
				INFOPLIST_FILE = xhFramesTests/Info.plist;
				LD_RUNPATH_SEARCH_PATHS = (
					"$(inherited)",
					"@executable_path/Frameworks",
					"@loader_path/Frameworks",
				);
				PRODUCT_BUNDLE_IDENTIFIER = com.xianghui.xhFramesTests;
				PRODUCT_NAME = "$(TARGET_NAME)";
				TARGETED_DEVICE_FAMILY = "1,2";
				TEST_HOST = "$(BUILT_PRODUCTS_DIR)/xhFrames.app/xhFrames";
			};
			name = Debug;
		};
		BBE2DB0121990EB90076C54B /* Release */ = {
			isa = XCBuildConfiguration;
			buildSettings = {
				BUNDLE_LOADER = "$(TEST_HOST)";
				CODE_SIGN_STYLE = Automatic;
				DEVELOPMENT_TEAM = PFS3AG5754;
				INFOPLIST_FILE = xhFramesTests/Info.plist;
				LD_RUNPATH_SEARCH_PATHS = (
					"$(inherited)",
					"@executable_path/Frameworks",
					"@loader_path/Frameworks",
				);
				PRODUCT_BUNDLE_IDENTIFIER = com.xianghui.xhFramesTests;
				PRODUCT_NAME = "$(TARGET_NAME)";
				TARGETED_DEVICE_FAMILY = "1,2";
				TEST_HOST = "$(BUILT_PRODUCTS_DIR)/xhFrames.app/xhFrames";
			};
			name = Release;
		};
		BBE2DB0321990EB90076C54B /* Debug */ = {
			isa = XCBuildConfiguration;
			buildSettings = {
				CODE_SIGN_STYLE = Automatic;
				DEVELOPMENT_TEAM = PFS3AG5754;
				INFOPLIST_FILE = xhFramesUITests/Info.plist;
				LD_RUNPATH_SEARCH_PATHS = (
					"$(inherited)",
					"@executable_path/Frameworks",
					"@loader_path/Frameworks",
				);
				PRODUCT_BUNDLE_IDENTIFIER = com.xianghui.xhFramesUITests;
				PRODUCT_NAME = "$(TARGET_NAME)";
				TARGETED_DEVICE_FAMILY = "1,2";
				TEST_TARGET_NAME = xhFrames;
			};
			name = Debug;
		};
		BBE2DB0421990EB90076C54B /* Release */ = {
			isa = XCBuildConfiguration;
			buildSettings = {
				CODE_SIGN_STYLE = Automatic;
				DEVELOPMENT_TEAM = PFS3AG5754;
				INFOPLIST_FILE = xhFramesUITests/Info.plist;
				LD_RUNPATH_SEARCH_PATHS = (
					"$(inherited)",
					"@executable_path/Frameworks",
					"@loader_path/Frameworks",
				);
				PRODUCT_BUNDLE_IDENTIFIER = com.xianghui.xhFramesUITests;
				PRODUCT_NAME = "$(TARGET_NAME)";
				TARGETED_DEVICE_FAMILY = "1,2";
				TEST_TARGET_NAME = xhFrames;
			};
			name = Release;
		};
/* End XCBuildConfiguration section */

/* Begin XCConfigurationList section */
		BBE2DACB21990EB80076C54B /* Build configuration list for PBXProject "xhFrames" */ = {
			isa = XCConfigurationList;
			buildConfigurations = (
				BBE2DAFA21990EB90076C54B /* Debug */,
				BBE2DAFB21990EB90076C54B /* Release */,
			);
			defaultConfigurationIsVisible = 0;
			defaultConfigurationName = Release;
		};
		BBE2DAFC21990EB90076C54B /* Build configuration list for PBXNativeTarget "xhFrames" */ = {
			isa = XCConfigurationList;
			buildConfigurations = (
				BBE2DAFD21990EB90076C54B /* Debug */,
				BBE2DAFE21990EB90076C54B /* Release */,
			);
			defaultConfigurationIsVisible = 0;
			defaultConfigurationName = Release;
		};
		BBE2DAFF21990EB90076C54B /* Build configuration list for PBXNativeTarget "xhFramesTests" */ = {
			isa = XCConfigurationList;
			buildConfigurations = (
				BBE2DB0021990EB90076C54B /* Debug */,
				BBE2DB0121990EB90076C54B /* Release */,
			);
			defaultConfigurationIsVisible = 0;
			defaultConfigurationName = Release;
		};
		BBE2DB0221990EB90076C54B /* Build configuration list for PBXNativeTarget "xhFramesUITests" */ = {
			isa = XCConfigurationList;
			buildConfigurations = (
				BBE2DB0321990EB90076C54B /* Debug */,
				BBE2DB0421990EB90076C54B /* Release */,
			);
			defaultConfigurationIsVisible = 0;
			defaultConfigurationName = Release;
		};
/* End XCConfigurationList section */
	};
	rootObject = BBE2DAC821990EB80076C54B /* Project object */;
}
